{
    "_readme": [
        "This file locks the dependencies of your project to a known state",
        "Read more about it at https://getcomposer.org/doc/01-basic-usage.md#installing-dependencies",
        "This file is @generated automatically"
    ],
    "content-hash": "894e432082e7003947b074e951162568",
    "packages": [
        {
            "name": "aspose/barcode",
            "version": "21.7.0",
            "source": {
                "type": "git",
                "url": "https://github.com/aspose-barcode/Aspose.BarCode-for-PHP-via-Java.git",
                "reference": "29263cb23e905cbd2f413b3749e087698c98c962"
            },
            "dist": {
                "type": "zip",
                "url": "https://api.github.com/repos/aspose-barcode/Aspose.BarCode-for-PHP-via-Java/zipball/29263cb23e905cbd2f413b3749e087698c98c962",
                "reference": "29263cb23e905cbd2f413b3749e087698c98c962",
                "shasum": ""
            },
            "require": {
                "php": ">=7.1"
            },
            "type": "library",
            "autoload": {
                "psr-4": {
                    "aspose\\barcode\\": "lib/"
                }
            },
            "notification-url": "https://packagist.org/downloads/",
            "license": [
                "proprietary"
            ],
            "authors": [
                {
                    "name": "Aspose",
                    "homepage": "https://products.aspose.com"
                }
            ],
            "description": "A PHP library that allows developers to quickly and easily add barcode generation and recognition functionality to their PHP applications while using Aspose.Barcode for Java as core library and PHP-Java Bridge for communication.",
            "homepage": "https://products.aspose.com/barcode/php-java",
            "keywords": [
                "BarCode API",
                "Barcode PHP",
                "PHP BarCode API",
                "PHP via Java",
                "aspose.barcode"
            ],
            "support": {
                "issues": "https://github.com/aspose-barcode/Aspose.BarCode-for-PHP-via-Java/issues",
                "source": "https://github.com/aspose-barcode/Aspose.BarCode-for-PHP-via-Java/tree/21.7.0"
            },
            "time": "2021-07-27T15:09:09+00:00"
        },
        {
            "name": "picqer/php-barcode-generator",
            "version": "v2.2.0",
            "source": {
                "type": "git",
                "url": "https://github.com/picqer/php-barcode-generator.git",
                "reference": "7df93b40099e5fefad055543320a36b80dccda05"
            },
            "dist": {
                "type": "zip",
                "url": "https://api.github.com/repos/picqer/php-barcode-generator/zipball/7df93b40099e5fefad055543320a36b80dccda05",
                "reference": "7df93b40099e5fefad055543320a36b80dccda05",
                "shasum": ""
            },
            "require": {
                "ext-mbstring": "*",
                "php": "^7.3|^8.0"
            },
            "require-dev": {
                "phpunit/phpunit": "^9.5"
            },
            "suggest": {
                "ext-bcmath": "Barcode IMB (Intelligent Mail Barcode) needs bcmath extension",
                "ext-gd": "For JPG and PNG generators, GD or Imagick is required",
                "ext-imagick": "For JPG and PNG generators, GD or Imagick is required"
            },
            "type": "library",
            "autoload": {
                "psr-4": {
                    "Picqer\\Barcode\\": "src"
                }
            },
            "notification-url": "https://packagist.org/downloads/",
            "license": [
                "LGPL-3.0-or-later"
            ],
            "authors": [
                {
                    "name": "Nicola Asuni",
                    "email": "info@tecnick.com",
                    "homepage": "http://nicolaasuni.tecnick.com"
                },
                {
                    "name": "Casper Bakker",
                    "email": "info@picqer.com",
                    "homepage": "https://picqer.com"
                }
            ],
            "description": "An easy to use, non-bloated, barcode generator in PHP. Creates SVG, PNG, JPG and HTML images from the most used 1D barcode standards.",
            "homepage": "https://github.com/picqer/php-barcode-generator",
            "keywords": [
                "CODABAR",
                "Code11",
                "Code93",
                "EAN13",
                "KIX",
                "KIXCODE",
                "MSI",
                "POSTNET",
                "Pharma",
                "Standard 2 of 5",
                "barcode",
                "barcode generator",
                "code128",
                "code39",
                "ean",
                "html",
                "jpeg",
                "jpg",
                "php",
                "png",
                "svg",
                "upc"
            ],
            "support": {
                "issues": "https://github.com/picqer/php-barcode-generator/issues",
                "source": "https://github.com/picqer/php-barcode-generator/tree/v2.2.0"
            },
            "funding": [
                {
                    "url": "https://github.com/casperbakker",
                    "type": "github"
                }
            ],
            "time": "2021-03-27T09:06:22+00:00"
        }
    ],
    "packages-dev": [],
    "aliases": [],
    "minimum-stability": "stable",
    "stability-flags": [],
    "prefer-stable": false,
    "prefer-lowest": false,
    "platform": [],
    "platform-dev": [],
    "plugin-api-version": "2.1.0"
}
